// !$*UTF8*$!
{
	archiveVersion = 1;
	classes = {
	};
	objectVersion = 50;
	objects = {

/* Begin PBXBuildFile section */
		B920AD16255A848500A5F3BD /* TextRenderer.swift in Sources */ = {isa = PBXBuildFile; fileRef = B920AD15255A848500A5F3BD /* TextRenderer.swift */; };
		B99F469025591D3600B85737 /* OxfordDictionaryManager.swift in Sources */ = {isa = PBXBuildFile; fileRef = B99F468F25591D3600B85737 /* OxfordDictionaryManager.swift */; };
		B99F46932559215E00B85737 /* SwiftOxfordAPI.swift in Sources */ = {isa = PBXBuildFile; fileRef = B99F46922559215E00B85737 /* SwiftOxfordAPI.swift */; };
		B9E6919525582CD40091E661 /* AppDelegate.swift in Sources */ = {isa = PBXBuildFile; fileRef = B9E6919425582CD40091E661 /* AppDelegate.swift */; };
		B9E6919725582CD40091E661 /* SceneDelegate.swift in Sources */ = {isa = PBXBuildFile; fileRef = B9E6919625582CD40091E661 /* SceneDelegate.swift */; };
		B9E6919925582CD40091E661 /* BookViewController.swift in Sources */ = {isa = PBXBuildFile; fileRef = B9E6919825582CD40091E661 /* BookViewController.swift */; };
		B9E6919C25582CD40091E661 /* Main.storyboard in Resources */ = {isa = PBXBuildFile; fileRef = B9E6919A25582CD40091E661 /* Main.storyboard */; };
		B9E6919E25582CD60091E661 /* Assets.xcassets in Resources */ = {isa = PBXBuildFile; fileRef = B9E6919D25582CD60091E661 /* Assets.xcassets */; };
		B9E691A125582CD60091E661 /* LaunchScreen.storyboard in Resources */ = {isa = PBXBuildFile; fileRef = B9E6919F25582CD60091E661 /* LaunchScreen.storyboard */; };
		B9E691AE25582DE20091E661 /* TranslationManager.swift in Sources */ = {isa = PBXBuildFile; fileRef = B9E691AD25582DE20091E661 /* TranslationManager.swift */; };
		B9E691B225582F790091E661 /* TranslationData.swift in Sources */ = {isa = PBXBuildFile; fileRef = B9E691B125582F790091E661 /* TranslationData.swift */; };
		B9E691B5255830C00091E661 /* WordModel.swift in Sources */ = {isa = PBXBuildFile; fileRef = B9E691B4255830C00091E661 /* WordModel.swift */; };
/* End PBXBuildFile section */

/* Begin PBXFileReference section */
		B920AD15255A848500A5F3BD /* TextRenderer.swift */ = {isa = PBXFileReference; lastKnownFileType = sourcecode.swift; path = TextRenderer.swift; sourceTree = "<group>"; };
		B99F468F25591D3600B85737 /* OxfordDictionaryManager.swift */ = {isa = PBXFileReference; lastKnownFileType = sourcecode.swift; path = OxfordDictionaryManager.swift; sourceTree = "<group>"; };
		B99F46922559215E00B85737 /* SwiftOxfordAPI.swift */ = {isa = PBXFileReference; lastKnownFileType = sourcecode.swift; path = SwiftOxfordAPI.swift; sourceTree = "<group>"; };
		B9E6919125582CD40091E661 /* PolyLibrum.app */ = {isa = PBXFileReference; explicitFileType = wrapper.application; includeInIndex = 0; path = PolyLibrum.app; sourceTree = BUILT_PRODUCTS_DIR; };
		B9E6919425582CD40091E661 /* AppDelegate.swift */ = {isa = PBXFileReference; lastKnownFileType = sourcecode.swift; path = AppDelegate.swift; sourceTree = "<group>"; };
		B9E6919625582CD40091E661 /* SceneDelegate.swift */ = {isa = PBXFileReference; lastKnownFileType = sourcecode.swift; path = SceneDelegate.swift; sourceTree = "<group>"; };
		B9E6919825582CD40091E661 /* BookViewController.swift */ = {isa = PBXFileReference; lastKnownFileType = sourcecode.swift; path = BookViewController.swift; sourceTree = "<group>"; };
		B9E6919B25582CD40091E661 /* Base */ = {isa = PBXFileReference; lastKnownFileType = file.storyboard; name = Base; path = Base.lproj/Main.storyboard; sourceTree = "<group>"; };
		B9E6919D25582CD60091E661 /* Assets.xcassets */ = {isa = PBXFileReference; lastKnownFileType = folder.assetcatalog; path = Assets.xcassets; sourceTree = "<group>"; };
		B9E691A025582CD60091E661 /* Base */ = {isa = PBXFileReference; lastKnownFileType = file.storyboard; name = Base; path = Base.lproj/LaunchScreen.storyboard; sourceTree = "<group>"; };
		B9E691A225582CD60091E661 /* Info.plist */ = {isa = PBXFileReference; lastKnownFileType = text.plist.xml; path = Info.plist; sourceTree = "<group>"; };
		B9E691AD25582DE20091E661 /* TranslationManager.swift */ = {isa = PBXFileReference; lastKnownFileType = sourcecode.swift; path = TranslationManager.swift; sourceTree = "<group>"; };
		B9E691B125582F790091E661 /* TranslationData.swift */ = {isa = PBXFileReference; lastKnownFileType = sourcecode.swift; path = TranslationData.swift; sourceTree = "<group>"; };
		B9E691B4255830C00091E661 /* WordModel.swift */ = {isa = PBXFileReference; lastKnownFileType = sourcecode.swift; path = WordModel.swift; sourceTree = "<group>"; };
/* End PBXFileReference section */

/* Begin PBXFrameworksBuildPhase section */
		B9E6918E25582CD40091E661 /* Frameworks */ = {
			isa = PBXFrameworksBuildPhase;
			buildActionMask = 2147483647;
			files = (
			);
			runOnlyForDeploymentPostprocessing = 0;
		};
/* End PBXFrameworksBuildPhase section */

/* Begin PBXGroup section */
		B920AD18255A848B00A5F3BD /* Translators */ = {
			isa = PBXGroup;
			children = (
				B920AD1A255A84C500A5F3BD /* Oxford */,
				B920AD19255A84B200A5F3BD /* Google */,
			);
			path = Translators;
			sourceTree = "<group>";
		};
		B920AD19255A84B200A5F3BD /* Google */ = {
			isa = PBXGroup;
			children = (
				B9E691AD25582DE20091E661 /* TranslationManager.swift */,
				B9E691B125582F790091E661 /* TranslationData.swift */,
			);
			path = Google;
			sourceTree = "<group>";
		};
		B920AD1A255A84C500A5F3BD /* Oxford */ = {
			isa = PBXGroup;
			children = (
				B99F468F25591D3600B85737 /* OxfordDictionaryManager.swift */,
				B99F46922559215E00B85737 /* SwiftOxfordAPI.swift */,
			);
			path = Oxford;
			sourceTree = "<group>";
		};
		B9E6918825582CD40091E661 = {
			isa = PBXGroup;
			children = (
				B9E6919325582CD40091E661 /* PolyLibrum */,
				B9E6919225582CD40091E661 /* Products */,
			);
			sourceTree = "<group>";
		};
		B9E6919225582CD40091E661 /* Products */ = {
			isa = PBXGroup;
			children = (
				B9E6919125582CD40091E661 /* PolyLibrum.app */,
			);
			name = Products;
			sourceTree = "<group>";
		};
		B9E6919325582CD40091E661 /* PolyLibrum */ = {
			isa = PBXGroup;
			children = (
				B9E691AB25582D960091E661 /* Model */,
				B9E691AC25582DA10091E661 /* Controller */,
				B9E691A925582D6E0091E661 /* View */,
				B9E6919425582CD40091E661 /* AppDelegate.swift */,
				B9E6919625582CD40091E661 /* SceneDelegate.swift */,
				B9E6919D25582CD60091E661 /* Assets.xcassets */,
				B9E691A225582CD60091E661 /* Info.plist */,
			);
			path = PolyLibrum;
			sourceTree = "<group>";
		};
		B9E691A925582D6E0091E661 /* View */ = {
			isa = PBXGroup;
			children = (
				B9E6919F25582CD60091E661 /* LaunchScreen.storyboard */,
				B9E6919A25582CD40091E661 /* Main.storyboard */,
			);
			path = View;
			sourceTree = "<group>";
		};
		B9E691AB25582D960091E661 /* Model */ = {
			isa = PBXGroup;
			children = (
				B920AD18255A848B00A5F3BD /* Translators */,
				B920AD15255A848500A5F3BD /* TextRenderer.swift */,
				B9E691B4255830C00091E661 /* WordModel.swift */,
			);
			path = Model;
			sourceTree = "<group>";
		};
		B9E691AC25582DA10091E661 /* Controller */ = {
			isa = PBXGroup;
			children = (
				B9E6919825582CD40091E661 /* BookViewController.swift */,
			);
			path = Controller;
			sourceTree = "<group>";
		};
/* End PBXGroup section */

/* Begin PBXNativeTarget section */
		B9E6919025582CD40091E661 /* PolyLibrum */ = {
			isa = PBXNativeTarget;
			buildConfigurationList = B9E691A525582CD60091E661 /* Build configuration list for PBXNativeTarget "PolyLibrum" */;
			buildPhases = (
				B9E6918D25582CD40091E661 /* Sources */,
				B9E6918E25582CD40091E661 /* Frameworks */,
				B9E6918F25582CD40091E661 /* Resources */,
			);
			buildRules = (
			);
			dependencies = (
			);
			name = PolyLibrum;
			productName = PolyLibrum;
			productReference = B9E6919125582CD40091E661 /* PolyLibrum.app */;
			productType = "com.apple.product-type.application";
		};
/* End PBXNativeTarget section */

/* Begin PBXProject section */
		B9E6918925582CD40091E661 /* Project object */ = {
			isa = PBXProject;
			attributes = {
				LastSwiftUpdateCheck = 1200;
				LastUpgradeCheck = 1200;
				TargetAttributes = {
					B9E6919025582CD40091E661 = {
						CreatedOnToolsVersion = 12.0.1;
					};
				};
			};
			buildConfigurationList = B9E6918C25582CD40091E661 /* Build configuration list for PBXProject "PolyLibrum" */;
			compatibilityVersion = "Xcode 9.3";
			developmentRegion = en;
			hasScannedForEncodings = 0;
			knownRegions = (
				en,
				Base,
			);
			mainGroup = B9E6918825582CD40091E661;
			productRefGroup = B9E6919225582CD40091E661 /* Products */;
			projectDirPath = "";
			projectRoot = "";
			targets = (
				B9E6919025582CD40091E661 /* PolyLibrum */,
			);
		};
/* End PBXProject section */

/* Begin PBXResourcesBuildPhase section */
		B9E6918F25582CD40091E661 /* Resources */ = {
			isa = PBXResourcesBuildPhase;
			buildActionMask = 2147483647;
			files = (
				B9E691A125582CD60091E661 /* LaunchScreen.storyboard in Resources */,
				B9E6919E25582CD60091E661 /* Assets.xcassets in Resources */,
				B9E6919C25582CD40091E661 /* Main.storyboard in Resources */,
			);
			runOnlyForDeploymentPostprocessing = 0;
		};
/* End PBXResourcesBuildPhase section */

/* Begin PBXSourcesBuildPhase section */
		B9E6918D25582CD40091E661 /* Sources */ = {
			isa = PBXSourcesBuildPhase;
			buildActionMask = 2147483647;
			files = (
				B99F46932559215E00B85737 /* SwiftOxfordAPI.swift in Sources */,
				B9E6919925582CD40091E661 /* BookViewController.swift in Sources */,
				B920AD16255A848500A5F3BD /* TextRenderer.swift in Sources */,
				B9E691B5255830C00091E661 /* WordModel.swift in Sources */,
				B9E6919525582CD40091E661 /* AppDelegate.swift in Sources */,
				B9E691B225582F790091E661 /* TranslationData.swift in Sources */,
				B9E6919725582CD40091E661 /* SceneDelegate.swift in Sources */,
				B9E691AE25582DE20091E661 /* TranslationManager.swift in Sources */,
				B99F469025591D3600B85737 /* OxfordDictionaryManager.swift in Sources */,
			);
			runOnlyForDeploymentPostprocessing = 0;
		};
/* End PBXSourcesBuildPhase section */

/* Begin PBXVariantGroup section */
		B9E6919A25582CD40091E661 /* Main.storyboard */ = {
			isa = PBXVariantGroup;
			children = (
				B9E6919B25582CD40091E661 /* Base */,
			);
			name = Main.storyboard;
			sourceTree = "<group>";
		};
		B9E6919F25582CD60091E661 /* LaunchScreen.storyboard */ = {
			isa = PBXVariantGroup;
			children = (
				B9E691A025582CD60091E661 /* Base */,
			);
			name = LaunchScreen.storyboard;
			sourceTree = "<group>";
		};
/* End PBXVariantGroup section */

/* Begin XCBuildConfiguration section */
		B9E691A325582CD60091E661 /* Debug */ = {
			isa = XCBuildConfiguration;
			buildSettings = {
				ALWAYS_SEARCH_USER_PATHS = NO;
				CLANG_ANALYZER_NONNULL = YES;
				CLANG_ANALYZER_NUMBER_OBJECT_CONVERSION = YES_AGGRESSIVE;
				CLANG_CXX_LANGUAGE_STANDARD = "gnu++14";
				CLANG_CXX_LIBRARY = "libc++";
				CLANG_ENABLE_MODULES = YES;
				CLANG_ENABLE_OBJC_ARC = YES;
				CLANG_ENABLE_OBJC_WEAK = YES;
				CLANG_WARN_BLOCK_CAPTURE_AUTORELEASING = YES;
				CLANG_WARN_BOOL_CONVERSION = YES;
				CLANG_WARN_COMMA = YES;
				CLANG_WARN_CONSTANT_CONVERSION = YES;
				CLANG_WARN_DEPRECATED_OBJC_IMPLEMENTATIONS = YES;
				CLANG_WARN_DIRECT_OBJC_ISA_USAGE = YES_ERROR;
				CLANG_WARN_DOCUMENTATION_COMMENTS = YES;
				CLANG_WARN_EMPTY_BODY = YES;
				CLANG_WARN_ENUM_CONVERSION = YES;
				CLANG_WARN_INFINITE_RECURSION = YES;
				CLANG_WARN_INT_CONVERSION = YES;
				CLANG_WARN_NON_LITERAL_NULL_CONVERSION = YES;
				CLANG_WARN_OBJC_IMPLICIT_RETAIN_SELF = YES;
				CLANG_WARN_OBJC_LITERAL_CONVERSION = YES;
				CLANG_WARN_OBJC_ROOT_CLASS = YES_ERROR;
				CLANG_WARN_QUOTED_INCLUDE_IN_FRAMEWORK_HEADER = YES;
				CLANG_WARN_RANGE_LOOP_ANALYSIS = YES;
				CLANG_WARN_STRICT_PROTOTYPES = YES;
				CLANG_WARN_SUSPICIOUS_MOVE = YES;
				CLANG_WARN_UNGUARDED_AVAILABILITY = YES_AGGRESSIVE;
				CLANG_WARN_UNREACHABLE_CODE = YES;
				CLANG_WARN__DUPLICATE_METHOD_MATCH = YES;
				COPY_PHASE_STRIP = NO;
				DEBUG_INFORMATION_FORMAT = dwarf;
				ENABLE_STRICT_OBJC_MSGSEND = YES;
				ENABLE_TESTABILITY = YES;
				GCC_C_LANGUAGE_STANDARD = gnu11;
				GCC_DYNAMIC_NO_PIC = NO;
				GCC_NO_COMMON_BLOCKS = YES;
				GCC_OPTIMIZATION_LEVEL = 0;
				GCC_PREPROCESSOR_DEFINITIONS = (
					"DEBUG=1",
					"$(inherited)",
				);
				GCC_WARN_64_TO_32_BIT_CONVERSION = YES;
				GCC_WARN_ABOUT_RETURN_TYPE = YES_ERROR;
				GCC_WARN_UNDECLARED_SELECTOR = YES;
				GCC_WARN_UNINITIALIZED_AUTOS = YES_AGGRESSIVE;
				GCC_WARN_UNUSED_FUNCTION = YES;
				GCC_WARN_UNUSED_VARIABLE = YES;
				IPHONEOS_DEPLOYMENT_TARGET = 14.0;
				MTL_ENABLE_DEBUG_INFO = INCLUDE_SOURCE;
				MTL_FAST_MATH = YES;
				ONLY_ACTIVE_ARCH = YES;
				SDKROOT = iphoneos;
				SWIFT_ACTIVE_COMPILATION_CONDITIONS = DEBUG;
				SWIFT_OPTIMIZATION_LEVEL = "-Onone";
			};
			name = Debug;
		};
		B9E691A425582CD60091E661 /* Release */ = {
			isa = XCBuildConfiguration;
			buildSettings = {
				ALWAYS_SEARCH_USER_PATHS = NO;
				CLANG_ANALYZER_NONNULL = YES;
				CLANG_ANALYZER_NUMBER_OBJECT_CONVERSION = YES_AGGRESSIVE;
				CLANG_CXX_LANGUAGE_STANDARD = "gnu++14";
				CLANG_CXX_LIBRARY = "libc++";
				CLANG_ENABLE_MODULES = YES;
				CLANG_ENABLE_OBJC_ARC = YES;
				CLANG_ENABLE_OBJC_WEAK = YES;
				CLANG_WARN_BLOCK_CAPTURE_AUTORELEASING = YES;
				CLANG_WARN_BOOL_CONVERSION = YES;
				CLANG_WARN_COMMA = YES;
				CLANG_WARN_CONSTANT_CONVERSION = YES;
				CLANG_WARN_DEPRECATED_OBJC_IMPLEMENTATIONS = YES;
				CLANG_WARN_DIRECT_OBJC_ISA_USAGE = YES_ERROR;
				CLANG_WARN_DOCUMENTATION_COMMENTS = YES;
				CLANG_WARN_EMPTY_BODY = YES;
				CLANG_WARN_ENUM_CONVERSION = YES;
				CLANG_WARN_INFINITE_RECURSION = YES;
				CLANG_WARN_INT_CONVERSION = YES;
				CLANG_WARN_NON_LITERAL_NULL_CONVERSION = YES;
				CLANG_WARN_OBJC_IMPLICIT_RETAIN_SELF = YES;
				CLANG_WARN_OBJC_LITERAL_CONVERSION = YES;
				CLANG_WARN_OBJC_ROOT_CLASS = YES_ERROR;
				CLANG_WARN_QUOTED_INCLUDE_IN_FRAMEWORK_HEADER = YES;
				CLANG_WARN_RANGE_LOOP_ANALYSIS = YES;
				CLANG_WARN_STRICT_PROTOTYPES = YES;
				CLANG_WARN_SUSPICIOUS_MOVE = YES;
				CLANG_WARN_UNGUARDED_AVAILABILITY = YES_AGGRESSIVE;
				CLANG_WARN_UNREACHABLE_CODE = YES;
				CLANG_WARN__DUPLICATE_METHOD_MATCH = YES;
				COPY_PHASE_STRIP = NO;
				DEBUG_INFORMATION_FORMAT = "dwarf-with-dsym";
				ENABLE_NS_ASSERTIONS = NO;
				ENABLE_STRICT_OBJC_MSGSEND = YES;
				GCC_C_LANGUAGE_STANDARD = gnu11;
				GCC_NO_COMMON_BLOCKS = YES;
				GCC_WARN_64_TO_32_BIT_CONVERSION = YES;
				GCC_WARN_ABOUT_RETURN_TYPE = YES_ERROR;
				GCC_WARN_UNDECLARED_SELECTOR = YES;
				GCC_WARN_UNINITIALIZED_AUTOS = YES_AGGRESSIVE;
				GCC_WARN_UNUSED_FUNCTION = YES;
				GCC_WARN_UNUSED_VARIABLE = YES;
				IPHONEOS_DEPLOYMENT_TARGET = 14.0;
				MTL_ENABLE_DEBUG_INFO = NO;
				MTL_FAST_MATH = YES;
				SDKROOT = iphoneos;
				SWIFT_COMPILATION_MODE = wholemodule;
				SWIFT_OPTIMIZATION_LEVEL = "-O";
				VALIDATE_PRODUCT = YES;
			};
			name = Release;
		};
		B9E691A625582CD60091E661 /* Debug */ = {
			isa = XCBuildConfiguration;
			buildSettings = {
				ASSETCATALOG_COMPILER_APPICON_NAME = AppIcon;
				ASSETCATALOG_COMPILER_GLOBAL_ACCENT_COLOR_NAME = AccentColor;
				CODE_SIGN_STYLE = Automatic;
				DEVELOPMENT_TEAM = FLV8CRP97S;
				INFOPLIST_FILE = PolyLibrum/Info.plist;
				LD_RUNPATH_SEARCH_PATHS = (
					"$(inherited)",
					"@executable_path/Frameworks",
				);
				PRODUCT_BUNDLE_IDENTIFIER = com.seonghayi.PolyLibrum;
				PRODUCT_NAME = "$(TARGET_NAME)";
				SWIFT_VERSION = 5.0;
				TARGETED_DEVICE_FAMILY = "1,2";
			};
			name = Debug;
		};
		B9E691A725582CD60091E661 /* Release */ = {
			isa = XCBuildConfiguration;
			buildSettings = {
				ASSETCATALOG_COMPILER_APPICON_NAME = AppIcon;
				ASSETCATALOG_COMPILER_GLOBAL_ACCENT_COLOR_NAME = AccentColor;
				CODE_SIGN_STYLE = Automatic;
				DEVELOPMENT_TEAM = FLV8CRP97S;
				INFOPLIST_FILE = PolyLibrum/Info.plist;
				LD_RUNPATH_SEARCH_PATHS = (
					"$(inherited)",
					"@executable_path/Frameworks",
				);
				PRODUCT_BUNDLE_IDENTIFIER = com.seonghayi.PolyLibrum;
				PRODUCT_NAME = "$(TARGET_NAME)";
				SWIFT_VERSION = 5.0;
				TARGETED_DEVICE_FAMILY = "1,2";
			};
			name = Release;
		};
/* End XCBuildConfiguration section */

/* Begin XCConfigurationList section */
		B9E6918C25582CD40091E661 /* Build configuration list for PBXProject "PolyLibrum" */ = {
			isa = XCConfigurationList;
			buildConfigurations = (
				B9E691A325582CD60091E661 /* Debug */,
				B9E691A425582CD60091E661 /* Release */,
			);
			defaultConfigurationIsVisible = 0;
			defaultConfigurationName = Release;
		};
		B9E691A525582CD60091E661 /* Build configuration list for PBXNativeTarget "PolyLibrum" */ = {
			isa = XCConfigurationList;
			buildConfigurations = (
				B9E691A625582CD60091E661 /* Debug */,
				B9E691A725582CD60091E661 /* Release */,
			);
			defaultConfigurationIsVisible = 0;
			defaultConfigurationName = Release;
		};
/* End XCConfigurationList section */
	};
	rootObject = B9E6918925582CD40091E661 /* Project object */;
}
